{
    "_meta": {
        "hash": {
            "sha256": "03f8bf2173b023c2ab490dba5c1a349fbc60fb2d42fa88dff8fab5302b1248fc"
        },
        "pipfile-spec": 6,
        "requires": {
            "python_version": "3.8"
        },
        "sources": [
            {
                "name": "pypi",
                "url": "https://pypi.org/simple",
                "verify_ssl": true
            }
        ]
    },
    "default": {
        "ijson": {
            "hashes": [
                "sha256:068c692efba9692406b86736dcc6803e4a0b6280d7f0b7534bff3faec677ff38",
                "sha256:09c9d7913c88a6059cd054ff854958f34d757402b639cf212ffbec201a705a0d",
                "sha256:13f80aad0b84d100fb6a88ced24bade21dc6ddeaf2bba3294b58728463194f50",
                "sha256:15507de59d74d21501b2a076d9c49abf927eb58a51a01b8f28a0a0565db0a99f",
                "sha256:15d5356b4d090c699f382c8eb6a2bcd5992a8c8e8b88c88bc6e54f686018328a",
                "sha256:179ed6fd42e121d252b43a18833df2de08378fac7bce380974ef6f5e522afefa",
                "sha256:1d1003ae3c6115ec9b587d29dd136860a81a23c7626b682e2b5b12c9fd30e4ea",
                "sha256:24b58933bf777d03dc1caa3006112ec7f9e6f6db6ffe1f5f5bd233cb1281f719",
                "sha256:252defd1f139b5fb8c764d78d5e3a6df81543d9878c58992a89b261369ea97a7",
                "sha256:26a6a550b270df04e3f442e2bf0870c9362db4912f0e7bdfd300f30ea43115a2",
                "sha256:2844d4a38d27583897ed73f7946e205b16926b4cab2525d1ce17e8b08064c706",
                "sha256:28fc168f5faf5759fdfa2a63f85f1f7a148bbae98f34404a6ba19f3d08e89e87",
                "sha256:297f26f27a04cd0d0a2f865d154090c48ea11b239cabe0a17a6c65f0314bd1ca",
                "sha256:2a64c66a08f56ed45a805691c2fd2e1caef00edd6ccf4c4e5eff02cd94ad8364",
                "sha256:2e6bd6ad95ab40c858592b905e2bbb4fe79bbff415b69a4923dafe841ffadcb4",
                "sha256:339b2b4c7bbd64849dd69ef94ee21e29dcd92c831f47a281fdd48122bb2a715a",
                "sha256:387c2ec434cc1bc7dc9bd33ec0b70d95d443cc1e5934005f26addc2284a437ab",
                "sha256:3997a2fdb28bc04b9ab0555db5f3b33ed28d91e9d42a3bf2c1842d4990beb158",
                "sha256:3b98861a4280cf09d267986cefa46c3bd80af887eae02aba07488d80eb798afa",
                "sha256:3bb461352c0f0f2ec460a4b19400a665b8a5a3a2da663a32093df1699642ee3f",
                "sha256:3d10eee52428f43f7da28763bb79f3d90bbbeea1accb15de01e40a00885b6e89",
                "sha256:41e5886ff6fade26f10b87edad723d2db14dcbb1178717790993fcbbb8ccd333",
                "sha256:446ef8980504da0af8d20d3cb6452c4dc3d8aa5fd788098985e899b913191fe6",
                "sha256:454918f908abbed3c50a0a05c14b20658ab711b155e4f890900e6f60746dd7cc",
                "sha256:475fc25c3d2a86230b85777cae9580398b42eed422506bf0b6aacfa936f7bfcd",
                "sha256:4c53cc72f79a4c32d5fc22efb85aa22f248e8f4f992707a84bdc896cc0b1ecf9",
                "sha256:4ea5fc50ba158f72943d5174fbc29ebefe72a2adac051c814c87438dc475cf78",
                "sha256:5a2f40c053c837591636dc1afb79d85e90b9a9d65f3d9963aae31d1eb11bfed2",
                "sha256:5b725f2e984ce70d464b195f206fa44bebbd744da24139b61fec72de77c03a16",
                "sha256:5d7e3fcc3b6de76a9dba1e9fc6ca23dad18f0fa6b4e6499415e16b684b2e9af1",
                "sha256:667841591521158770adc90793c2bdbb47c94fe28888cb802104b8bbd61f3d51",
                "sha256:6774ec0a39647eea70d35fb76accabe3d71002a8701c0545b9120230c182b75b",
                "sha256:68e295bb12610d086990cedc89fb8b59b7c85740d66e9515aed062649605d0bf",
                "sha256:6bf2b64304321705d03fa5e403ec3f36fa5bb27bf661849ad62e0a3a49bc23e3",
                "sha256:6c1a777096be5f75ffebb335c6d2ebc0e489b231496b7f2ca903aa061fe7d381",
                "sha256:702ba9a732116d659a5e950ee176be6a2e075998ef1bcde11cbf79a77ed0f717",
                "sha256:70ee3c8fa0eba18c80c5911639c01a8de4089a4361bad2862a9949e25ec9b1c8",
                "sha256:81cc8cee590c8a70cca3c9aefae06dd7cb8e9f75f3a7dc12b340c2e332d33a2a",
                "sha256:86884ac06ac69cea6d89ab7b84683b3b4159c4013e4a20276d3fc630fe9b7588",
                "sha256:9239973100338a4138d09d7a4602bd289861e553d597cd67390c33bfc452253e",
                "sha256:93455902fdc33ba9485c7fae63ac95d96e0ab8942224a357113174bbeaff92e9",
                "sha256:9348e7d507eb40b52b12eecff3d50934fcc3d2a15a2f54ec1127a36063b9ba8f",
                "sha256:97e4df67235fae40d6195711223520d2c5bf1f7f5087c2963fcde44d72ebf448",
                "sha256:9a5bf5b9d8f2ceaca131ee21fc7875d0f34b95762f4f32e4d65109ca46472147",
                "sha256:a5965c315fbb2dc9769dfdf046eb07daf48ae20b637da95ec8d62b629be09df4",
                "sha256:a72eb0359ebff94754f7a2f00a6efe4c57716f860fc040c606dedcb40f49f233",
                "sha256:ac9098470c1ff6e5c23ec0946818bc102bfeeeea474554c8d081dc934be20988",
                "sha256:b8ee7dbb07cec9ba29d60cfe4954b3cc70adb5f85bba1f72225364b59c1cf82b",
                "sha256:c4c1bf98aaab4c8f60d238edf9bcd07c896cfcc51c2ca84d03da22aad88957c5",
                "sha256:d17fd199f0d0a4ab6e0d541b4eec1b68b5bd5bb5d8104521e22243015b51049b",
                "sha256:d9e01c55d501e9c3d686b6ee3af351c9c0c8c3e45c5576bd5601bee3e1300b09",
                "sha256:dcd6f04df44b1945b859318010234651317db2c4232f75e3933f8bb41c4fa055",
                "sha256:df641dd07b38c63eecd4f454db7b27aa5201193df160f06b48111ba97ab62504",
                "sha256:ee13ceeed9b6cf81b3b8197ef15595fc43fd54276842ed63840ddd49db0603da",
                "sha256:f0f2a87c423e8767368aa055310024fa28727f4454463714fef22230c9717f64",
                "sha256:f11da15ec04cc83ff0f817a65a3392e169be8d111ba81f24d6e09236597bb28c",
                "sha256:f50337e3b8e72ec68441b573c2848f108a8976a57465c859b227ebd2a2342901",
                "sha256:f587699b5a759e30accf733e37950cc06c4118b72e3e146edcea77dded467426",
                "sha256:f91c75edd6cf1a66f02425bafc59a22ec29bc0adcbc06f4bfd694d92f424ceb3",
                "sha256:fa10a1d88473303ec97aae23169d77c5b92657b7fb189f9c584974c00a79f383",
                "sha256:fa9a25d0bd32f9515e18a3611690f1de12cb7d1320bd93e9da835936b41ad3ff",
                "sha256:ff8cf7507d9d8939264068c2cff0a23f99703fa2f31eb3cb45a9a52798843586"
            ],
            "index": "pypi",
            "version": "==3.1.4"
        },
        "neo4j-driver": {
            "hashes": [
                "sha256:f2da741683e8205e0c3d65a1c7bd4ebb8b391c9ad8618d3e166dafb2a70ddf20"
            ],
            "index": "pypi",
            "version": "==4.4.2"
        },
        "pytz": {
            "hashes": [
                "sha256:1e760e2fe6a8163bc0b3d9a19c4f84342afa0a2affebfaa84b01b978a02ecaa7",
                "sha256:e68985985296d9a66a881eb3193b0906246245294a881e7c8afe623866ac6a5c"
            ],
            "version": "==2022.1"
        }
    },
    "develop": {}
}
